// !$*UTF8*$!
{
	archiveVersion = 1;
	classes = {
	};
	objectVersion = 46;
	objects = {

/* Begin PBXBuildFile section */
		4A7CDC261B1B5EB90097F595 /* main.m in Sources */ = {isa = PBXBuildFile; fileRef = 4A7CDC251B1B5EB90097F595 /* main.m */; };
		4A7CDC291B1B5EB90097F595 /* AppDelegate.m in Sources */ = {isa = PBXBuildFile; fileRef = 4A7CDC281B1B5EB90097F595 /* AppDelegate.m */; };
		4A7CDC2C1B1B5EB90097F595 /* ViewController.m in Sources */ = {isa = PBXBuildFile; fileRef = 4A7CDC2B1B1B5EB90097F595 /* ViewController.m */; };
		4A7CDC2F1B1B5EB90097F595 /* Main.storyboard in Resources */ = {isa = PBXBuildFile; fileRef = 4A7CDC2D1B1B5EB90097F595 /* Main.storyboard */; };
		4A7CDC311B1B5EB90097F595 /* Images.xcassets in Resources */ = {isa = PBXBuildFile; fileRef = 4A7CDC301B1B5EB90097F595 /* Images.xcassets */; };
		4A7CDC341B1B5EB90097F595 /* LaunchScreen.xib in Resources */ = {isa = PBXBuildFile; fileRef = 4A7CDC321B1B5EB90097F595 /* LaunchScreen.xib */; };
		4A7CDC401B1B5EB90097F595 /* IosTimeTrackingTests.m in Sources */ = {isa = PBXBuildFile; fileRef = 4A7CDC3F1B1B5EB90097F595 /* IosTimeTrackingTests.m */; };
/* End PBXBuildFile section */

/* Begin PBXContainerItemProxy section */
		4A7CDC3A1B1B5EB90097F595 /* PBXContainerItemProxy */ = {
			isa = PBXContainerItemProxy;
			containerPortal = 4A7CDC181B1B5EB90097F595 /* Project object */;
			proxyType = 1;
			remoteGlobalIDString = 4A7CDC1F1B1B5EB90097F595;
			remoteInfo = IosTimeTracking;
		};
/* End PBXContainerItemProxy section */

/* Begin PBXFileReference section */
		4A7CDC201B1B5EB90097F595 /* IosTimeTracking.app */ = {isa = PBXFileReference; explicitFileType = wrapper.application; includeInIndex = 0; path = IosTimeTracking.app; sourceTree = BUILT_PRODUCTS_DIR; };
		4A7CDC241B1B5EB90097F595 /* Info.plist */ = {isa = PBXFileReference; lastKnownFileType = text.plist.xml; path = Info.plist; sourceTree = "<group>"; };
		4A7CDC251B1B5EB90097F595 /* main.m */ = {isa = PBXFileReference; lastKnownFileType = sourcecode.c.objc; path = main.m; sourceTree = "<group>"; };
		4A7CDC271B1B5EB90097F595 /* AppDelegate.h */ = {isa = PBXFileReference; lastKnownFileType = sourcecode.c.h; path = AppDelegate.h; sourceTree = "<group>"; };
		4A7CDC281B1B5EB90097F595 /* AppDelegate.m */ = {isa = PBXFileReference; lastKnownFileType = sourcecode.c.objc; path = AppDelegate.m; sourceTree = "<group>"; };
		4A7CDC2A1B1B5EB90097F595 /* ViewController.h */ = {isa = PBXFileReference; lastKnownFileType = sourcecode.c.h; path = ViewController.h; sourceTree = "<group>"; };
		4A7CDC2B1B1B5EB90097F595 /* ViewController.m */ = {isa = PBXFileReference; lastKnownFileType = sourcecode.c.objc; path = ViewController.m; sourceTree = "<group>"; };
		4A7CDC2E1B1B5EB90097F595 /* Base */ = {isa = PBXFileReference; lastKnownFileType = file.storyboard; name = Base; path = Base.lproj/Main.storyboard; sourceTree = "<group>"; };
		4A7CDC301B1B5EB90097F595 /* Images.xcassets */ = {isa = PBXFileReference; lastKnownFileType = folder.assetcatalog; path = Images.xcassets; sourceTree = "<group>"; };
		4A7CDC331B1B5EB90097F595 /* Base */ = {isa = PBXFileReference; lastKnownFileType = file.xib; name = Base; path = Base.lproj/LaunchScreen.xib; sourceTree = "<group>"; };
		4A7CDC391B1B5EB90097F595 /* IosTimeTrackingTests.xctest */ = {isa = PBXFileReference; explicitFileType = wrapper.cfbundle; includeInIndex = 0; path = IosTimeTrackingTests.xctest; sourceTree = BUILT_PRODUCTS_DIR; };
		4A7CDC3E1B1B5EB90097F595 /* Info.plist */ = {isa = PBXFileReference; lastKnownFileType = text.plist.xml; path = Info.plist; sourceTree = "<group>"; };
		4A7CDC3F1B1B5EB90097F595 /* IosTimeTrackingTests.m */ = {isa = PBXFileReference; lastKnownFileType = sourcecode.c.objc; path = IosTimeTrackingTests.m; sourceTree = "<group>"; };
/* End PBXFileReference section */

/* Begin PBXFrameworksBuildPhase section */
		4A7CDC1D1B1B5EB90097F595 /* Frameworks */ = {
			isa = PBXFrameworksBuildPhase;
			buildActionMask = 2147483647;
			files = (
			);
			runOnlyForDeploymentPostprocessing = 0;
		};
		4A7CDC361B1B5EB90097F595 /* Frameworks */ = {
			isa = PBXFrameworksBuildPhase;
			buildActionMask = 2147483647;
			files = (
			);
			runOnlyForDeploymentPostprocessing = 0;
		};
/* End PBXFrameworksBuildPhase section */

/* Begin PBXGroup section */
		4A7CDC171B1B5EB90097F595 = {
			isa = PBXGroup;
			children = (
				4A7CDC221B1B5EB90097F595 /* IosTimeTracking */,
				4A7CDC3C1B1B5EB90097F595 /* IosTimeTrackingTests */,
				4A7CDC211B1B5EB90097F595 /* Products */,
			);
			sourceTree = "<group>";
		};
		4A7CDC211B1B5EB90097F595 /* Products */ = {
			isa = PBXGroup;
			children = (
				4A7CDC201B1B5EB90097F595 /* IosTimeTracking.app */,
				4A7CDC391B1B5EB90097F595 /* IosTimeTrackingTests.xctest */,
			);
			name = Products;
			sourceTree = "<group>";
		};
		4A7CDC221B1B5EB90097F595 /* IosTimeTracking */ = {
			isa = PBXGroup;
			children = (
				4A7CDC271B1B5EB90097F595 /* AppDelegate.h */,
				4A7CDC281B1B5EB90097F595 /* AppDelegate.m */,
				4A7CDC2A1B1B5EB90097F595 /* ViewController.h */,
				4A7CDC2B1B1B5EB90097F595 /* ViewController.m */,
				4A7CDC2D1B1B5EB90097F595 /* Main.storyboard */,
				4A7CDC301B1B5EB90097F595 /* Images.xcassets */,
				4A7CDC321B1B5EB90097F595 /* LaunchScreen.xib */,
				4A7CDC231B1B5EB90097F595 /* Supporting Files */,
			);
			path = IosTimeTracking;
			sourceTree = "<group>";
		};
		4A7CDC231B1B5EB90097F595 /* Supporting Files */ = {
			isa = PBXGroup;
			children = (
				4A7CDC241B1B5EB90097F595 /* Info.plist */,
				4A7CDC251B1B5EB90097F595 /* main.m */,
			);
			name = "Supporting Files";
			sourceTree = "<group>";
		};
		4A7CDC3C1B1B5EB90097F595 /* IosTimeTrackingTests */ = {
			isa = PBXGroup;
			children = (
				4A7CDC3F1B1B5EB90097F595 /* IosTimeTrackingTests.m */,
				4A7CDC3D1B1B5EB90097F595 /* Supporting Files */,
			);
			path = IosTimeTrackingTests;
			sourceTree = "<group>";
		};
		4A7CDC3D1B1B5EB90097F595 /* Supporting Files */ = {
			isa = PBXGroup;
			children = (
				4A7CDC3E1B1B5EB90097F595 /* Info.plist */,
			);
			name = "Supporting Files";
			sourceTree = "<group>";
		};
/* End PBXGroup section */

/* Begin PBXNativeTarget section */
		4A7CDC1F1B1B5EB90097F595 /* IosTimeTracking */ = {
			isa = PBXNativeTarget;
			buildConfigurationList = 4A7CDC431B1B5EB90097F595 /* Build configuration list for PBXNativeTarget "IosTimeTracking" */;
			buildPhases = (
				4A7CDC1C1B1B5EB90097F595 /* Sources */,
				4A7CDC1D1B1B5EB90097F595 /* Frameworks */,
				4A7CDC1E1B1B5EB90097F595 /* Resources */,
			);
			buildRules = (
			);
			dependencies = (
			);
			name = IosTimeTracking;
			productName = IosTimeTracking;
			productReference = 4A7CDC201B1B5EB90097F595 /* IosTimeTracking.app */;
			productType = "com.apple.product-type.application";
		};
		4A7CDC381B1B5EB90097F595 /* IosTimeTrackingTests */ = {
			isa = PBXNativeTarget;
			buildConfigurationList = 4A7CDC461B1B5EB90097F595 /* Build configuration list for PBXNativeTarget "IosTimeTrackingTests" */;
			buildPhases = (
				4A7CDC351B1B5EB90097F595 /* Sources */,
				4A7CDC361B1B5EB90097F595 /* Frameworks */,
				4A7CDC371B1B5EB90097F595 /* Resources */,
			);
			buildRules = (
			);
			dependencies = (
				4A7CDC3B1B1B5EB90097F595 /* PBXTargetDependency */,
			);
			name = IosTimeTrackingTests;
			productName = IosTimeTrackingTests;
			productReference = 4A7CDC391B1B5EB90097F595 /* IosTimeTrackingTests.xctest */;
			productType = "com.apple.product-type.bundle.unit-test";
		};
/* End PBXNativeTarget section */

/* Begin PBXProject section */
		4A7CDC181B1B5EB90097F595 /* Project object */ = {
			isa = PBXProject;
			attributes = {
				LastUpgradeCheck = 0610;
				ORGANIZATIONNAME = "Rafael Bertholdo";
				TargetAttributes = {
					4A7CDC1F1B1B5EB90097F595 = {
						CreatedOnToolsVersion = 6.1;
					};
					4A7CDC381B1B5EB90097F595 = {
						CreatedOnToolsVersion = 6.1;
						TestTargetID = 4A7CDC1F1B1B5EB90097F595;
					};
				};
			};
			buildConfigurationList = 4A7CDC1B1B1B5EB90097F595 /* Build configuration list for PBXProject "IosTimeTracking" */;
			compatibilityVersion = "Xcode 3.2";
			developmentRegion = English;
			hasScannedForEncodings = 0;
			knownRegions = (
				en,
				Base,
			);
			mainGroup = 4A7CDC171B1B5EB90097F595;
			productRefGroup = 4A7CDC211B1B5EB90097F595 /* Products */;
			projectDirPath = "";
			projectRoot = "";
			targets = (
				4A7CDC1F1B1B5EB90097F595 /* IosTimeTracking */,
				4A7CDC381B1B5EB90097F595 /* IosTimeTrackingTests */,
			);
		};
/* End PBXProject section */

/* Begin PBXResourcesBuildPhase section */
		4A7CDC1E1B1B5EB90097F595 /* Resources */ = {
			isa = PBXResourcesBuildPhase;
			buildActionMask = 2147483647;
			files = (
				4A7CDC2F1B1B5EB90097F595 /* Main.storyboard in Resources */,
				4A7CDC341B1B5EB90097F595 /* LaunchScreen.xib in Resources */,
				4A7CDC311B1B5EB90097F595 /* Images.xcassets in Resources */,
			);
			runOnlyForDeploymentPostprocessing = 0;
		};
		4A7CDC371B1B5EB90097F595 /* Resources */ = {
			isa = PBXResourcesBuildPhase;
			buildActionMask = 2147483647;
			files = (
			);
			runOnlyForDeploymentPostprocessing = 0;
		};
/* End PBXResourcesBuildPhase section */

/* Begin PBXSourcesBuildPhase section */
		4A7CDC1C1B1B5EB90097F595 /* Sources */ = {
			isa = PBXSourcesBuildPhase;
			buildActionMask = 2147483647;
			files = (
				4A7CDC2C1B1B5EB90097F595 /* ViewController.m in Sources */,
				4A7CDC291B1B5EB90097F595 /* AppDelegate.m in Sources */,
				4A7CDC261B1B5EB90097F595 /* main.m in Sources */,
			);
			runOnlyForDeploymentPostprocessing = 0;
		};
		4A7CDC351B1B5EB90097F595 /* Sources */ = {
			isa = PBXSourcesBuildPhase;
			buildActionMask = 2147483647;
			files = (
				4A7CDC401B1B5EB90097F595 /* IosTimeTrackingTests.m in Sources */,
			);
			runOnlyForDeploymentPostprocessing = 0;
		};
/* End PBXSourcesBuildPhase section */

/* Begin PBXTargetDependency section */
		4A7CDC3B1B1B5EB90097F595 /* PBXTargetDependency */ = {
			isa = PBXTargetDependency;
			target = 4A7CDC1F1B1B5EB90097F595 /* IosTimeTracking */;
			targetProxy = 4A7CDC3A1B1B5EB90097F595 /* PBXContainerItemProxy */;
		};
/* End PBXTargetDependency section */

/* Begin PBXVariantGroup section */
		4A7CDC2D1B1B5EB90097F595 /* Main.storyboard */ = {
			isa = PBXVariantGroup;
			children = (
				4A7CDC2E1B1B5EB90097F595 /* Base */,
			);
			name = Main.storyboard;
			sourceTree = "<group>";
		};
		4A7CDC321B1B5EB90097F595 /* LaunchScreen.xib */ = {
			isa = PBXVariantGroup;
			children = (
				4A7CDC331B1B5EB90097F595 /* Base */,
			);
			name = LaunchScreen.xib;
			sourceTree = "<group>";
		};
/* End PBXVariantGroup section */

/* Begin XCBuildConfiguration section */
		4A7CDC411B1B5EB90097F595 /* Debug */ = {
			isa = XCBuildConfiguration;
			buildSettings = {
				ALWAYS_SEARCH_USER_PATHS = NO;
				CLANG_CXX_LANGUAGE_STANDARD = "gnu++0x";
				CLANG_CXX_LIBRARY = "libc++";
				CLANG_ENABLE_MODULES = YES;
				CLANG_ENABLE_OBJC_ARC = YES;
				CLANG_WARN_BOOL_CONVERSION = YES;
				CLANG_WARN_CONSTANT_CONVERSION = YES;
				CLANG_WARN_DIRECT_OBJC_ISA_USAGE = YES_ERROR;
				CLANG_WARN_EMPTY_BODY = YES;
				CLANG_WARN_ENUM_CONVERSION = YES;
				CLANG_WARN_INT_CONVERSION = YES;
				CLANG_WARN_OBJC_ROOT_CLASS = YES_ERROR;
				CLANG_WARN_UNREACHABLE_CODE = YES;
				CLANG_WARN__DUPLICATE_METHOD_MATCH = YES;
				"CODE_SIGN_IDENTITY[sdk=iphoneos*]" = "iPhone Developer";
				COPY_PHASE_STRIP = NO;
				ENABLE_STRICT_OBJC_MSGSEND = YES;
				GCC_C_LANGUAGE_STANDARD = gnu99;
				GCC_DYNAMIC_NO_PIC = NO;
				GCC_OPTIMIZATION_LEVEL = 0;
				GCC_PREPROCESSOR_DEFINITIONS = (
					"DEBUG=1",
					"$(inherited)",
				);
				GCC_SYMBOLS_PRIVATE_EXTERN = NO;
				GCC_WARN_64_TO_32_BIT_CONVERSION = YES;
				GCC_WARN_ABOUT_RETURN_TYPE = YES_ERROR;
				GCC_WARN_UNDECLARED_SELECTOR = YES;
				GCC_WARN_UNINITIALIZED_AUTOS = YES_AGGRESSIVE;
				GCC_WARN_UNUSED_FUNCTION = YES;
				GCC_WARN_UNUSED_VARIABLE = YES;
				IPHONEOS_DEPLOYMENT_TARGET = 8.1;
				MTL_ENABLE_DEBUG_INFO = YES;
				ONLY_ACTIVE_ARCH = YES;
				SDKROOT = iphoneos;
			};
			name = Debug;
		};
		4A7CDC421B1B5EB90097F595 /* Release */ = {
			isa = XCBuildConfiguration;
			buildSettings = {
				ALWAYS_SEARCH_USER_PATHS = NO;
				CLANG_CXX_LANGUAGE_STANDARD = "gnu++0x";
				CLANG_CXX_LIBRARY = "libc++";
				CLANG_ENABLE_MODULES = YES;
				CLANG_ENABLE_OBJC_ARC = YES;
				CLANG_WARN_BOOL_CONVERSION = YES;
				CLANG_WARN_CONSTANT_CONVERSION = YES;
				CLANG_WARN_DIRECT_OBJC_ISA_USAGE = YES_ERROR;
				CLANG_WARN_EMPTY_BODY = YES;
				CLANG_WARN_ENUM_CONVERSION = YES;
				CLANG_WARN_INT_CONVERSION = YES;
				CLANG_WARN_OBJC_ROOT_CLASS = YES_ERROR;
				CLANG_WARN_UNREACHABLE_CODE = YES;
				CLANG_WARN__DUPLICATE_METHOD_MATCH = YES;
				"CODE_SIGN_IDENTITY[sdk=iphoneos*]" = "iPhone Developer";
				COPY_PHASE_STRIP = YES;
				ENABLE_NS_ASSERTIONS = NO;
				ENABLE_STRICT_OBJC_MSGSEND = YES;
				GCC_C_LANGUAGE_STANDARD = gnu99;
				GCC_WARN_64_TO_32_BIT_CONVERSION = YES;
				GCC_WARN_ABOUT_RETURN_TYPE = YES_ERROR;
				GCC_WARN_UNDECLARED_SELECTOR = YES;
				GCC_WARN_UNINITIALIZED_AUTOS = YES_AGGRESSIVE;
				GCC_WARN_UNUSED_FUNCTION = YES;
				GCC_WARN_UNUSED_VARIABLE = YES;
				IPHONEOS_DEPLOYMENT_TARGET = 8.1;
				MTL_ENABLE_DEBUG_INFO = NO;
				SDKROOT = iphoneos;
				VALIDATE_PRODUCT = YES;
			};
			name = Release;
		};
		4A7CDC441B1B5EB90097F595 /* Debug */ = {
			isa = XCBuildConfiguration;
			buildSettings = {
				ASSETCATALOG_COMPILER_APPICON_NAME = AppIcon;
				INFOPLIST_FILE = IosTimeTracking/Info.plist;
				LD_RUNPATH_SEARCH_PATHS = "$(inherited) @executable_path/Frameworks";
				PRODUCT_NAME = "$(TARGET_NAME)";
			};
			name = Debug;
		};
		4A7CDC451B1B5EB90097F595 /* Release */ = {
			isa = XCBuildConfiguration;
			buildSettings = {
				ASSETCATALOG_COMPILER_APPICON_NAME = AppIcon;
				INFOPLIST_FILE = IosTimeTracking/Info.plist;
				LD_RUNPATH_SEARCH_PATHS = "$(inherited) @executable_path/Frameworks";
				PRODUCT_NAME = "$(TARGET_NAME)";
			};
			name = Release;
		};
		4A7CDC471B1B5EB90097F595 /* Debug */ = {
			isa = XCBuildConfiguration;
			buildSettings = {
				BUNDLE_LOADER = "$(TEST_HOST)";
				FRAMEWORK_SEARCH_PATHS = (
					"$(SDKROOT)/Developer/Library/Frameworks",
					"$(inherited)",
				);
				GCC_PREPROCESSOR_DEFINITIONS = (
					"DEBUG=1",
					"$(inherited)",
				);
				INFOPLIST_FILE = IosTimeTrackingTests/Info.plist;
				LD_RUNPATH_SEARCH_PATHS = "$(inherited) @executable_path/Frameworks @loader_path/Frameworks";
				PRODUCT_NAME = "$(TARGET_NAME)";
				TEST_HOST = "$(BUILT_PRODUCTS_DIR)/IosTimeTracking.app/IosTimeTracking";
			};
			name = Debug;
		};
		4A7CDC481B1B5EB90097F595 /* Release */ = {
			isa = XCBuildConfiguration;
			buildSettings = {
				BUNDLE_LOADER = "$(TEST_HOST)";
				FRAMEWORK_SEARCH_PATHS = (
					"$(SDKROOT)/Developer/Library/Frameworks",
					"$(inherited)",
				);
				INFOPLIST_FILE = IosTimeTrackingTests/Info.plist;
				LD_RUNPATH_SEARCH_PATHS = "$(inherited) @executable_path/Frameworks @loader_path/Frameworks";
				PRODUCT_NAME = "$(TARGET_NAME)";
				TEST_HOST = "$(BUILT_PRODUCTS_DIR)/IosTimeTracking.app/IosTimeTracking";
			};
			name = Release;
		};
/* End XCBuildConfiguration section */

/* Begin XCConfigurationList section */
		4A7CDC1B1B1B5EB90097F595 /* Build configuration list for PBXProject "IosTimeTracking" */ = {
			isa = XCConfigurationList;
			buildConfigurations = (
				4A7CDC411B1B5EB90097F595 /* Debug */,
				4A7CDC421B1B5EB90097F595 /* Release */,
			);
			defaultConfigurationIsVisible = 0;
			defaultConfigurationName = Release;
		};
		4A7CDC431B1B5EB90097F595 /* Build configuration list for PBXNativeTarget "IosTimeTracking" */ = {
			isa = XCConfigurationList;
			buildConfigurations = (
				4A7CDC441B1B5EB90097F595 /* Debug */,
				4A7CDC451B1B5EB90097F595 /* Release */,
			);
			defaultConfigurationIsVisible = 0;
		};
		4A7CDC461B1B5EB90097F595 /* Build configuration list for PBXNativeTarget "IosTimeTrackingTests" */ = {
			isa = XCConfigurationList;
			buildConfigurations = (
				4A7CDC471B1B5EB90097F595 /* Debug */,
				4A7CDC481B1B5EB90097F595 /* Release */,
			);
			defaultConfigurationIsVisible = 0;
		};
/* End XCConfigurationList section */
	};
	rootObject = 4A7CDC181B1B5EB90097F595 /* Project object */;
}
